<?xml version="1.0" encoding="utf-8"?>
<Project ToolsVersion="4.0" xmlns="http://schemas.microsoft.com/developer/msbuild/2003">
   <ItemGroup>
      <Filter Include="Source Files">
         <UniqueIdentifier>{a2bdb3da-ec86-4eba-81c1-0fabed25f333}</UniqueIdentifier>
         <Extensions>cpp;c;cxx;rc;def;r;odl;idl;hpj;bat;cc</Extensions>
      </Filter>
      <Filter Include="Source Files\lib">
         <UniqueIdentifier>{c20fa4fd-c5d1-484c-a532-2aaad9adc22f}</UniqueIdentifier>
      </Filter>
      <Filter Include="Source Files\lib\include">
         <UniqueIdentifier>{b7aae5db-43a1-465c-bcdd-08d83aea1b86}</UniqueIdentifier>
      </Filter>
      <Filter Include="Source Files\lib\src">
         <UniqueIdentifier>{97272b95-0f80-439b-976e-923f64be5739}</UniqueIdentifier>
      </Filter>
   </ItemGroup>
  <ItemGroup>
    <ResourceCompile Include="Torque.rc">
      <Filter>Source Files</Filter>
    </ResourceCompile>
  </ItemGroup>
   <ItemGroup>
      <ClCompile Include="..\..\..\..\..\Engine\lib\libogg\src\bitwise.c">
         <Filter>Source Files\lib\src</Filter>
      </ClCompile>
      <ClCompile Include="..\..\..\..\..\Engine\lib\libogg\src\framing.c">
         <Filter>Source Files\lib\src</Filter>
      </ClCompile>
   </ItemGroup>
   <ItemGroup>
      <ClInclude Include="..\..\..\..\..\Engine\lib\libogg\include\ogg\ogg.h">
         <Filter>Source Files\lib\include</Filter>
      </ClInclude>
      <ClInclude Include="..\..\..\..\..\Engine\lib\libogg\include\ogg\os_types.h">
         <Filter>Source Files\lib\include</Filter>
      </ClInclude>
   </ItemGroup>
   <ItemGroup>
   </ItemGroup>
</Project>